
Microsoft Visual Studio Solution File, Format Version 12.00
# Visual Studio Version 17
VisualStudioVersion = 17.4.33213.308
MinimumVisualStudioVersion = 10.0.40219.1
Project("{FAE04EC0-301F-11D3-BF4B-00C04F79EFBC}") = "ApiBasicAuth", "ApiBasicAuth\ApiBasicAuth.csproj", "{05AA02EC-2E4F-4719-B0C7-1B43EC975224}"
EndProject
Project("{FAE04EC0-301F-11D3-BF4B-00C04F79EFBC}") = "DataAcces", "DataAcces\DataAcces.csproj", "{FF2A1349-9996-4B13-B78C-A7B16289DEE5}"
EndProject
Global
	GlobalSection(SolutionConfigurationPlatforms) = preSolution
		Debug|Any CPU = Debug|Any CPU
		Release|Any CPU = Release|Any CPU
	EndGlobalSection
	GlobalSection(ProjectConfigurationPlatforms) = postSolution
		{05AA02EC-2E4F-4719-B0C7-1B43EC975224}.Debug|Any CPU.ActiveCfg = Debug|Any CPU
		{05AA02EC-2E4F-4719-B0C7-1B43EC975224}.Debug|Any CPU.Build.0 = Debug|Any CPU
		{05AA02EC-2E4F-4719-B0C7-1B43EC975224}.Release|Any CPU.ActiveCfg = Release|Any CPU
		{05AA02EC-2E4F-4719-B0C7-1B43EC975224}.Release|Any CPU.Build.0 = Release|Any CPU
		{FF2A1349-9996-4B13-B78C-A7B16289DEE5}.Debug|Any CPU.ActiveCfg = Debug|Any CPU
		{FF2A1349-9996-4B13-B78C-A7B16289DEE5}.Debug|Any CPU.Build.0 = Debug|Any CPU
		{FF2A1349-9996-4B13-B78C-A7B16289DEE5}.Release|Any CPU.ActiveCfg = Release|Any CPU
		{FF2A1349-9996-4B13-B78C-A7B16289DEE5}.Release|Any CPU.Build.0 = Release|Any CPU
	EndGlobalSection
	GlobalSection(SolutionProperties) = preSolution
		HideSolutionNode = FALSE
	EndGlobalSection
	GlobalSection(ExtensibilityGlobals) = postSolution
		SolutionGuid = {F44875A6-D2D4-4C71-8614-3C88A141B1F0}
	EndGlobalSection
EndGlobal
